
Microsoft Visual Studio Solution File, Format Version 12.00
# Visual Studio Version 17
VisualStudioVersion = 17.14.36414.22
MinimumVisualStudioVersion = 10.0.40219.1
Project("{FAE04EC0-301F-11D3-BF4B-00C04F79EFBC}") = "ControleProjetos", "SuperFlix\ControleProjetos.csproj", "{8344BB63-1C41-4DE8-839E-1070985DBF15}"
EndProject
Project("{FAE04EC0-301F-11D3-BF4B-00C04F79EFBC}") = "ControleProjetos.Test", "ControleProjetos.Test\ControleProjetos.Test.csproj", "{B6F6770C-B900-44CE-A70C-D1B4F34E7614}"
EndProject
Global
	GlobalSection(SolutionConfigurationPlatforms) = preSolution
		Debug|Any CPU = Debug|Any CPU
		Release|Any CPU = Release|Any CPU
	EndGlobalSection
	GlobalSection(ProjectConfigurationPlatforms) = postSolution
		{8344BB63-1C41-4DE8-839E-1070985DBF15}.Debug|Any CPU.ActiveCfg = Debug|Any CPU
		{8344BB63-1C41-4DE8-839E-1070985DBF15}.Debug|Any CPU.Build.0 = Debug|Any CPU
		{8344BB63-1C41-4DE8-839E-1070985DBF15}.Release|Any CPU.ActiveCfg = Release|Any CPU
		{8344BB63-1C41-4DE8-839E-1070985DBF15}.Release|Any CPU.Build.0 = Release|Any CPU
		{B6F6770C-B900-44CE-A70C-D1B4F34E7614}.Debug|Any CPU.ActiveCfg = Debug|Any CPU
		{B6F6770C-B900-44CE-A70C-D1B4F34E7614}.Debug|Any CPU.Build.0 = Debug|Any CPU
		{B6F6770C-B900-44CE-A70C-D1B4F34E7614}.Release|Any CPU.ActiveCfg = Release|Any CPU
		{B6F6770C-B900-44CE-A70C-D1B4F34E7614}.Release|Any CPU.Build.0 = Release|Any CPU
	EndGlobalSection
	GlobalSection(SolutionProperties) = preSolution
		HideSolutionNode = FALSE
	EndGlobalSection
	GlobalSection(ExtensibilityGlobals) = postSolution
		SolutionGuid = {26CECC08-4B39-4008-836F-62F3092FE0FF}
	EndGlobalSection
EndGlobal
